// !$*UTF8*$!
{
	archiveVersion = 1;
	classes = {
	};
	objectVersion = 50;
	objects = {

/* Begin PBXBuildFile section */
		8EF7EDFF2476830D0065C1F2 /* AppDelegate.m in Sources */ = {isa = PBXBuildFile; fileRef = 8EF7EDFE2476830D0065C1F2 /* AppDelegate.m */; };
		8EF7EE0A247683120065C1F2 /* Assets.xcassets in Resources */ = {isa = PBXBuildFile; fileRef = 8EF7EE09247683120065C1F2 /* Assets.xcassets */; };
		8EF7EE0D247683120065C1F2 /* LaunchScreen.storyboard in Resources */ = {isa = PBXBuildFile; fileRef = 8EF7EE0B247683120065C1F2 /* LaunchScreen.storyboard */; };
		8EF7EE10247683120065C1F2 /* main.m in Sources */ = {isa = PBXBuildFile; fileRef = 8EF7EE0F247683120065C1F2 /* main.m */; };
		8EF7EE35247684770065C1F2 /* LeeCacheManager.m in Sources */ = {isa = PBXBuildFile; fileRef = 8EF7EE18247684760065C1F2 /* LeeCacheManager.m */; };
		8EF7EE36247684770065C1F2 /* UIViewController+LeeCategory.m in Sources */ = {isa = PBXBuildFile; fileRef = 8EF7EE1C247684760065C1F2 /* UIViewController+LeeCategory.m */; };
		8EF7EE37247684770065C1F2 /* NSURLSession+LeeCategory.m in Sources */ = {isa = PBXBuildFile; fileRef = 8EF7EE1D247684760065C1F2 /* NSURLSession+LeeCategory.m */; };
		8EF7EE38247684770065C1F2 /* LeeDownLoadQueue.m in Sources */ = {isa = PBXBuildFile; fileRef = 8EF7EE20247684760065C1F2 /* LeeDownLoadQueue.m */; };
		8EF7EE39247684770065C1F2 /* LeeDownloadOperation.m in Sources */ = {isa = PBXBuildFile; fileRef = 8EF7EE23247684760065C1F2 /* LeeDownloadOperation.m */; };
		8EF7EE3A247684770065C1F2 /* LeeDownloadManager.m in Sources */ = {isa = PBXBuildFile; fileRef = 8EF7EE24247684760065C1F2 /* LeeDownloadManager.m */; };
		8EF7EE3B247684770065C1F2 /* LeeDownloadSesstion.m in Sources */ = {isa = PBXBuildFile; fileRef = 8EF7EE26247684760065C1F2 /* LeeDownloadSesstion.m */; };
		8EF7EE3C247684770065C1F2 /* LeeFile.json in Resources */ = {isa = PBXBuildFile; fileRef = 8EF7EE2B247684770065C1F2 /* LeeFile.json */; };
		8EF7EE3D247684770065C1F2 /* LeeFileVC.m in Sources */ = {isa = PBXBuildFile; fileRef = 8EF7EE2E247684770065C1F2 /* LeeFileVC.m */; };
		8EF7EE3E247684770065C1F2 /* LeeFileModel.m in Sources */ = {isa = PBXBuildFile; fileRef = 8EF7EE31247684770065C1F2 /* LeeFileModel.m */; };
		8EF7EE3F247684770065C1F2 /* LeeFileCell.m in Sources */ = {isa = PBXBuildFile; fileRef = 8EF7EE33247684770065C1F2 /* LeeFileCell.m */; };
/* End PBXBuildFile section */

/* Begin PBXFileReference section */
		8EF7EDFA2476830D0065C1F2 /* LeeDownloadDemo.app */ = {isa = PBXFileReference; explicitFileType = wrapper.application; includeInIndex = 0; path = LeeDownloadDemo.app; sourceTree = BUILT_PRODUCTS_DIR; };
		8EF7EDFD2476830D0065C1F2 /* AppDelegate.h */ = {isa = PBXFileReference; lastKnownFileType = sourcecode.c.h; path = AppDelegate.h; sourceTree = "<group>"; };
		8EF7EDFE2476830D0065C1F2 /* AppDelegate.m */ = {isa = PBXFileReference; lastKnownFileType = sourcecode.c.objc; path = AppDelegate.m; sourceTree = "<group>"; };
		8EF7EE09247683120065C1F2 /* Assets.xcassets */ = {isa = PBXFileReference; lastKnownFileType = folder.assetcatalog; path = Assets.xcassets; sourceTree = "<group>"; };
		8EF7EE0C247683120065C1F2 /* Base */ = {isa = PBXFileReference; lastKnownFileType = file.storyboard; name = Base; path = Base.lproj/LaunchScreen.storyboard; sourceTree = "<group>"; };
		8EF7EE0E247683120065C1F2 /* Info.plist */ = {isa = PBXFileReference; lastKnownFileType = text.plist.xml; path = Info.plist; sourceTree = "<group>"; };
		8EF7EE0F247683120065C1F2 /* main.m */ = {isa = PBXFileReference; lastKnownFileType = sourcecode.c.objc; path = main.m; sourceTree = "<group>"; };
		8EF7EE18247684760065C1F2 /* LeeCacheManager.m */ = {isa = PBXFileReference; fileEncoding = 4; lastKnownFileType = sourcecode.c.objc; path = LeeCacheManager.m; sourceTree = "<group>"; };
		8EF7EE19247684760065C1F2 /* LeeCacheManager.h */ = {isa = PBXFileReference; fileEncoding = 4; lastKnownFileType = sourcecode.c.h; path = LeeCacheManager.h; sourceTree = "<group>"; };
		8EF7EE1B247684760065C1F2 /* NSURLSession+LeeCategory.h */ = {isa = PBXFileReference; fileEncoding = 4; lastKnownFileType = sourcecode.c.h; path = "NSURLSession+LeeCategory.h"; sourceTree = "<group>"; };
		8EF7EE1C247684760065C1F2 /* UIViewController+LeeCategory.m */ = {isa = PBXFileReference; fileEncoding = 4; lastKnownFileType = sourcecode.c.objc; path = "UIViewController+LeeCategory.m"; sourceTree = "<group>"; };
		8EF7EE1D247684760065C1F2 /* NSURLSession+LeeCategory.m */ = {isa = PBXFileReference; fileEncoding = 4; lastKnownFileType = sourcecode.c.objc; path = "NSURLSession+LeeCategory.m"; sourceTree = "<group>"; };
		8EF7EE1E247684760065C1F2 /* UIViewController+LeeCategory.h */ = {isa = PBXFileReference; fileEncoding = 4; lastKnownFileType = sourcecode.c.h; path = "UIViewController+LeeCategory.h"; sourceTree = "<group>"; };
		8EF7EE20247684760065C1F2 /* LeeDownLoadQueue.m */ = {isa = PBXFileReference; fileEncoding = 4; lastKnownFileType = sourcecode.c.objc; path = LeeDownLoadQueue.m; sourceTree = "<group>"; };
		8EF7EE21247684760065C1F2 /* LeeDownloadManager.h */ = {isa = PBXFileReference; fileEncoding = 4; lastKnownFileType = sourcecode.c.h; path = LeeDownloadManager.h; sourceTree = "<group>"; };
		8EF7EE22247684760065C1F2 /* LeeDownloadSesstion.h */ = {isa = PBXFileReference; fileEncoding = 4; lastKnownFileType = sourcecode.c.h; path = LeeDownloadSesstion.h; sourceTree = "<group>"; };
		8EF7EE23247684760065C1F2 /* LeeDownloadOperation.m */ = {isa = PBXFileReference; fileEncoding = 4; lastKnownFileType = sourcecode.c.objc; path = LeeDownloadOperation.m; sourceTree = "<group>"; };
		8EF7EE24247684760065C1F2 /* LeeDownloadManager.m */ = {isa = PBXFileReference; fileEncoding = 4; lastKnownFileType = sourcecode.c.objc; path = LeeDownloadManager.m; sourceTree = "<group>"; };
		8EF7EE25247684760065C1F2 /* LeeDownLoadQueue.h */ = {isa = PBXFileReference; fileEncoding = 4; lastKnownFileType = sourcecode.c.h; path = LeeDownLoadQueue.h; sourceTree = "<group>"; };
		8EF7EE26247684760065C1F2 /* LeeDownloadSesstion.m */ = {isa = PBXFileReference; fileEncoding = 4; lastKnownFileType = sourcecode.c.objc; path = LeeDownloadSesstion.m; sourceTree = "<group>"; };
		8EF7EE27247684760065C1F2 /* LeeDownloadOperation.h */ = {isa = PBXFileReference; fileEncoding = 4; lastKnownFileType = sourcecode.c.h; path = LeeDownloadOperation.h; sourceTree = "<group>"; };
		8EF7EE28247684760065C1F2 /* LeeHeader.h */ = {isa = PBXFileReference; fileEncoding = 4; lastKnownFileType = sourcecode.c.h; path = LeeHeader.h; sourceTree = "<group>"; };
		8EF7EE2B247684770065C1F2 /* LeeFile.json */ = {isa = PBXFileReference; fileEncoding = 4; lastKnownFileType = text.json; path = LeeFile.json; sourceTree = "<group>"; };
		8EF7EE2D247684770065C1F2 /* LeeFileVC.h */ = {isa = PBXFileReference; fileEncoding = 4; lastKnownFileType = sourcecode.c.h; path = LeeFileVC.h; sourceTree = "<group>"; };
		8EF7EE2E247684770065C1F2 /* LeeFileVC.m */ = {isa = PBXFileReference; fileEncoding = 4; lastKnownFileType = sourcecode.c.objc; path = LeeFileVC.m; sourceTree = "<group>"; };
		8EF7EE30247684770065C1F2 /* LeeFileModel.h */ = {isa = PBXFileReference; fileEncoding = 4; lastKnownFileType = sourcecode.c.h; path = LeeFileModel.h; sourceTree = "<group>"; };
		8EF7EE31247684770065C1F2 /* LeeFileModel.m */ = {isa = PBXFileReference; fileEncoding = 4; lastKnownFileType = sourcecode.c.objc; path = LeeFileModel.m; sourceTree = "<group>"; };
		8EF7EE33247684770065C1F2 /* LeeFileCell.m */ = {isa = PBXFileReference; fileEncoding = 4; lastKnownFileType = sourcecode.c.objc; path = LeeFileCell.m; sourceTree = "<group>"; };
		8EF7EE34247684770065C1F2 /* LeeFileCell.h */ = {isa = PBXFileReference; fileEncoding = 4; lastKnownFileType = sourcecode.c.h; path = LeeFileCell.h; sourceTree = "<group>"; };
		8EF7EE41247687BE0065C1F2 /* Lee_PrefixHeader.pch */ = {isa = PBXFileReference; lastKnownFileType = sourcecode.c.h; path = Lee_PrefixHeader.pch; sourceTree = "<group>"; };
/* End PBXFileReference section */

/* Begin PBXFrameworksBuildPhase section */
		8EF7EDF72476830D0065C1F2 /* Frameworks */ = {
			isa = PBXFrameworksBuildPhase;
			buildActionMask = 2147483647;
			files = (
			);
			runOnlyForDeploymentPostprocessing = 0;
		};
/* End PBXFrameworksBuildPhase section */

/* Begin PBXGroup section */
		8EF7EDF12476830D0065C1F2 = {
			isa = PBXGroup;
			children = (
				8EF7EDFC2476830D0065C1F2 /* LeeDownloadDemo */,
				8EF7EDFB2476830D0065C1F2 /* Products */,
			);
			sourceTree = "<group>";
		};
		8EF7EDFB2476830D0065C1F2 /* Products */ = {
			isa = PBXGroup;
			children = (
				8EF7EDFA2476830D0065C1F2 /* LeeDownloadDemo.app */,
			);
			name = Products;
			sourceTree = "<group>";
		};
		8EF7EDFC2476830D0065C1F2 /* LeeDownloadDemo */ = {
			isa = PBXGroup;
			children = (
				8EF7EE16247684760065C1F2 /* Common */,
				8EF7EE29247684770065C1F2 /* Class */,
				8EF7EE402476847A0065C1F2 /* SupportingFiles */,
				8EF7EE09247683120065C1F2 /* Assets.xcassets */,
				8EF7EE0B247683120065C1F2 /* LaunchScreen.storyboard */,
				8EF7EE0E247683120065C1F2 /* Info.plist */,
				8EF7EE0F247683120065C1F2 /* main.m */,
			);
			path = LeeDownloadDemo;
			sourceTree = "<group>";
		};
		8EF7EE16247684760065C1F2 /* Common */ = {
			isa = PBXGroup;
			children = (
				8EF7EE1A247684760065C1F2 /* Category */,
				8EF7EE17247684760065C1F2 /* Cache */,
				8EF7EE1F247684760065C1F2 /* Download */,
				8EF7EE28247684760065C1F2 /* LeeHeader.h */,
			);
			path = Common;
			sourceTree = "<group>";
		};
		8EF7EE17247684760065C1F2 /* Cache */ = {
			isa = PBXGroup;
			children = (
				8EF7EE19247684760065C1F2 /* LeeCacheManager.h */,
				8EF7EE18247684760065C1F2 /* LeeCacheManager.m */,
			);
			path = Cache;
			sourceTree = "<group>";
		};
		8EF7EE1A247684760065C1F2 /* Category */ = {
			isa = PBXGroup;
			children = (
				8EF7EE1E247684760065C1F2 /* UIViewController+LeeCategory.h */,
				8EF7EE1C247684760065C1F2 /* UIViewController+LeeCategory.m */,
				8EF7EE1B247684760065C1F2 /* NSURLSession+LeeCategory.h */,
				8EF7EE1D247684760065C1F2 /* NSURLSession+LeeCategory.m */,
			);
			path = Category;
			sourceTree = "<group>";
		};
		8EF7EE1F247684760065C1F2 /* Download */ = {
			isa = PBXGroup;
			children = (
				8EF7EE21247684760065C1F2 /* LeeDownloadManager.h */,
				8EF7EE24247684760065C1F2 /* LeeDownloadManager.m */,
				8EF7EE22247684760065C1F2 /* LeeDownloadSesstion.h */,
				8EF7EE26247684760065C1F2 /* LeeDownloadSesstion.m */,
				8EF7EE25247684760065C1F2 /* LeeDownLoadQueue.h */,
				8EF7EE20247684760065C1F2 /* LeeDownLoadQueue.m */,
				8EF7EE27247684760065C1F2 /* LeeDownloadOperation.h */,
				8EF7EE23247684760065C1F2 /* LeeDownloadOperation.m */,
			);
			path = Download;
			sourceTree = "<group>";
		};
		8EF7EE29247684770065C1F2 /* Class */ = {
			isa = PBXGroup;
			children = (
				8EF7EE2A247684770065C1F2 /* DownloadModule */,
			);
			path = Class;
			sourceTree = "<group>";
		};
		8EF7EE2A247684770065C1F2 /* DownloadModule */ = {
			isa = PBXGroup;
			children = (
				8EF7EE2B247684770065C1F2 /* LeeFile.json */,
				8EF7EE2F247684770065C1F2 /* Model */,
				8EF7EE32247684770065C1F2 /* View */,
				8EF7EE2C247684770065C1F2 /* Controller */,
			);
			path = DownloadModule;
			sourceTree = "<group>";
		};
		8EF7EE2C247684770065C1F2 /* Controller */ = {
			isa = PBXGroup;
			children = (
				8EF7EE2D247684770065C1F2 /* LeeFileVC.h */,
				8EF7EE2E247684770065C1F2 /* LeeFileVC.m */,
			);
			path = Controller;
			sourceTree = "<group>";
		};
		8EF7EE2F247684770065C1F2 /* Model */ = {
			isa = PBXGroup;
			children = (
				8EF7EE30247684770065C1F2 /* LeeFileModel.h */,
				8EF7EE31247684770065C1F2 /* LeeFileModel.m */,
			);
			path = Model;
			sourceTree = "<group>";
		};
		8EF7EE32247684770065C1F2 /* View */ = {
			isa = PBXGroup;
			children = (
				8EF7EE34247684770065C1F2 /* LeeFileCell.h */,
				8EF7EE33247684770065C1F2 /* LeeFileCell.m */,
			);
			path = View;
			sourceTree = "<group>";
		};
		8EF7EE402476847A0065C1F2 /* SupportingFiles */ = {
			isa = PBXGroup;
			children = (
				8EF7EDFD2476830D0065C1F2 /* AppDelegate.h */,
				8EF7EDFE2476830D0065C1F2 /* AppDelegate.m */,
				8EF7EE41247687BE0065C1F2 /* Lee_PrefixHeader.pch */,
			);
			path = SupportingFiles;
			sourceTree = "<group>";
		};
/* End PBXGroup section */

/* Begin PBXNativeTarget section */
		8EF7EDF92476830D0065C1F2 /* LeeDownloadDemo */ = {
			isa = PBXNativeTarget;
			buildConfigurationList = 8EF7EE13247683120065C1F2 /* Build configuration list for PBXNativeTarget "LeeDownloadDemo" */;
			buildPhases = (
				8EF7EDF62476830D0065C1F2 /* Sources */,
				8EF7EDF72476830D0065C1F2 /* Frameworks */,
				8EF7EDF82476830D0065C1F2 /* Resources */,
			);
			buildRules = (
			);
			dependencies = (
			);
			name = LeeDownloadDemo;
			productName = LeeDownloadDemo;
			productReference = 8EF7EDFA2476830D0065C1F2 /* LeeDownloadDemo.app */;
			productType = "com.apple.product-type.application";
		};
/* End PBXNativeTarget section */

/* Begin PBXProject section */
		8EF7EDF22476830D0065C1F2 /* Project object */ = {
			isa = PBXProject;
			attributes = {
				LastUpgradeCheck = 1140;
				ORGANIZATIONNAME = "姜自立";
				TargetAttributes = {
					8EF7EDF92476830D0065C1F2 = {
						CreatedOnToolsVersion = 11.4.1;
					};
				};
			};
			buildConfigurationList = 8EF7EDF52476830D0065C1F2 /* Build configuration list for PBXProject "LeeDownloadDemo" */;
			compatibilityVersion = "Xcode 9.3";
			developmentRegion = en;
			hasScannedForEncodings = 0;
			knownRegions = (
				en,
				Base,
			);
			mainGroup = 8EF7EDF12476830D0065C1F2;
			productRefGroup = 8EF7EDFB2476830D0065C1F2 /* Products */;
			projectDirPath = "";
			projectRoot = "";
			targets = (
				8EF7EDF92476830D0065C1F2 /* LeeDownloadDemo */,
			);
		};
/* End PBXProject section */

/* Begin PBXResourcesBuildPhase section */
		8EF7EDF82476830D0065C1F2 /* Resources */ = {
			isa = PBXResourcesBuildPhase;
			buildActionMask = 2147483647;
			files = (
				8EF7EE3C247684770065C1F2 /* LeeFile.json in Resources */,
				8EF7EE0D247683120065C1F2 /* LaunchScreen.storyboard in Resources */,
				8EF7EE0A247683120065C1F2 /* Assets.xcassets in Resources */,
			);
			runOnlyForDeploymentPostprocessing = 0;
		};
/* End PBXResourcesBuildPhase section */

/* Begin PBXSourcesBuildPhase section */
		8EF7EDF62476830D0065C1F2 /* Sources */ = {
			isa = PBXSourcesBuildPhase;
			buildActionMask = 2147483647;
			files = (
				8EF7EE3E247684770065C1F2 /* LeeFileModel.m in Sources */,
				8EF7EE3B247684770065C1F2 /* LeeDownloadSesstion.m in Sources */,
				8EF7EE39247684770065C1F2 /* LeeDownloadOperation.m in Sources */,
				8EF7EE37247684770065C1F2 /* NSURLSession+LeeCategory.m in Sources */,
				8EF7EE36247684770065C1F2 /* UIViewController+LeeCategory.m in Sources */,
				8EF7EE38247684770065C1F2 /* LeeDownLoadQueue.m in Sources */,
				8EF7EE3D247684770065C1F2 /* LeeFileVC.m in Sources */,
				8EF7EE3F247684770065C1F2 /* LeeFileCell.m in Sources */,
				8EF7EE3A247684770065C1F2 /* LeeDownloadManager.m in Sources */,
				8EF7EE35247684770065C1F2 /* LeeCacheManager.m in Sources */,
				8EF7EDFF2476830D0065C1F2 /* AppDelegate.m in Sources */,
				8EF7EE10247683120065C1F2 /* main.m in Sources */,
			);
			runOnlyForDeploymentPostprocessing = 0;
		};
/* End PBXSourcesBuildPhase section */

/* Begin PBXVariantGroup section */
		8EF7EE0B247683120065C1F2 /* LaunchScreen.storyboard */ = {
			isa = PBXVariantGroup;
			children = (
				8EF7EE0C247683120065C1F2 /* Base */,
			);
			name = LaunchScreen.storyboard;
			sourceTree = "<group>";
		};
/* End PBXVariantGroup section */

/* Begin XCBuildConfiguration section */
		8EF7EE11247683120065C1F2 /* Debug */ = {
			isa = XCBuildConfiguration;
			buildSettings = {
				ALWAYS_SEARCH_USER_PATHS = NO;
				CLANG_ANALYZER_NONNULL = YES;
				CLANG_ANALYZER_NUMBER_OBJECT_CONVERSION = YES_AGGRESSIVE;
				CLANG_CXX_LANGUAGE_STANDARD = "gnu++14";
				CLANG_CXX_LIBRARY = "libc++";
				CLANG_ENABLE_MODULES = YES;
				CLANG_ENABLE_OBJC_ARC = YES;
				CLANG_ENABLE_OBJC_WEAK = YES;
				CLANG_WARN_BLOCK_CAPTURE_AUTORELEASING = YES;
				CLANG_WARN_BOOL_CONVERSION = YES;
				CLANG_WARN_COMMA = YES;
				CLANG_WARN_CONSTANT_CONVERSION = YES;
				CLANG_WARN_DEPRECATED_OBJC_IMPLEMENTATIONS = YES;
				CLANG_WARN_DIRECT_OBJC_ISA_USAGE = YES_ERROR;
				CLANG_WARN_DOCUMENTATION_COMMENTS = YES;
				CLANG_WARN_EMPTY_BODY = YES;
				CLANG_WARN_ENUM_CONVERSION = YES;
				CLANG_WARN_INFINITE_RECURSION = YES;
				CLANG_WARN_INT_CONVERSION = YES;
				CLANG_WARN_NON_LITERAL_NULL_CONVERSION = YES;
				CLANG_WARN_OBJC_IMPLICIT_RETAIN_SELF = YES;
				CLANG_WARN_OBJC_LITERAL_CONVERSION = YES;
				CLANG_WARN_OBJC_ROOT_CLASS = YES_ERROR;
				CLANG_WARN_RANGE_LOOP_ANALYSIS = YES;
				CLANG_WARN_STRICT_PROTOTYPES = YES;
				CLANG_WARN_SUSPICIOUS_MOVE = YES;
				CLANG_WARN_UNGUARDED_AVAILABILITY = YES_AGGRESSIVE;
				CLANG_WARN_UNREACHABLE_CODE = YES;
				CLANG_WARN__DUPLICATE_METHOD_MATCH = YES;
				COPY_PHASE_STRIP = NO;
				DEBUG_INFORMATION_FORMAT = dwarf;
				ENABLE_STRICT_OBJC_MSGSEND = YES;
				ENABLE_TESTABILITY = YES;
				GCC_C_LANGUAGE_STANDARD = gnu11;
				GCC_DYNAMIC_NO_PIC = NO;
				GCC_NO_COMMON_BLOCKS = YES;
				GCC_OPTIMIZATION_LEVEL = 0;
				GCC_PREPROCESSOR_DEFINITIONS = (
					"DEBUG=1",
					"$(inherited)",
				);
				GCC_WARN_64_TO_32_BIT_CONVERSION = YES;
				GCC_WARN_ABOUT_RETURN_TYPE = YES_ERROR;
				GCC_WARN_UNDECLARED_SELECTOR = YES;
				GCC_WARN_UNINITIALIZED_AUTOS = YES_AGGRESSIVE;
				GCC_WARN_UNUSED_FUNCTION = YES;
				GCC_WARN_UNUSED_VARIABLE = YES;
				IPHONEOS_DEPLOYMENT_TARGET = 13.4;
				MTL_ENABLE_DEBUG_INFO = INCLUDE_SOURCE;
				MTL_FAST_MATH = YES;
				ONLY_ACTIVE_ARCH = YES;
				SDKROOT = iphoneos;
			};
			name = Debug;
		};
		8EF7EE12247683120065C1F2 /* Release */ = {
			isa = XCBuildConfiguration;
			buildSettings = {
				ALWAYS_SEARCH_USER_PATHS = NO;
				CLANG_ANALYZER_NONNULL = YES;
				CLANG_ANALYZER_NUMBER_OBJECT_CONVERSION = YES_AGGRESSIVE;
				CLANG_CXX_LANGUAGE_STANDARD = "gnu++14";
				CLANG_CXX_LIBRARY = "libc++";
				CLANG_ENABLE_MODULES = YES;
				CLANG_ENABLE_OBJC_ARC = YES;
				CLANG_ENABLE_OBJC_WEAK = YES;
				CLANG_WARN_BLOCK_CAPTURE_AUTORELEASING = YES;
				CLANG_WARN_BOOL_CONVERSION = YES;
				CLANG_WARN_COMMA = YES;
				CLANG_WARN_CONSTANT_CONVERSION = YES;
				CLANG_WARN_DEPRECATED_OBJC_IMPLEMENTATIONS = YES;
				CLANG_WARN_DIRECT_OBJC_ISA_USAGE = YES_ERROR;
				CLANG_WARN_DOCUMENTATION_COMMENTS = YES;
				CLANG_WARN_EMPTY_BODY = YES;
				CLANG_WARN_ENUM_CONVERSION = YES;
				CLANG_WARN_INFINITE_RECURSION = YES;
				CLANG_WARN_INT_CONVERSION = YES;
				CLANG_WARN_NON_LITERAL_NULL_CONVERSION = YES;
				CLANG_WARN_OBJC_IMPLICIT_RETAIN_SELF = YES;
				CLANG_WARN_OBJC_LITERAL_CONVERSION = YES;
				CLANG_WARN_OBJC_ROOT_CLASS = YES_ERROR;
				CLANG_WARN_RANGE_LOOP_ANALYSIS = YES;
				CLANG_WARN_STRICT_PROTOTYPES = YES;
				CLANG_WARN_SUSPICIOUS_MOVE = YES;
				CLANG_WARN_UNGUARDED_AVAILABILITY = YES_AGGRESSIVE;
				CLANG_WARN_UNREACHABLE_CODE = YES;
				CLANG_WARN__DUPLICATE_METHOD_MATCH = YES;
				COPY_PHASE_STRIP = NO;
				DEBUG_INFORMATION_FORMAT = "dwarf-with-dsym";
				ENABLE_NS_ASSERTIONS = NO;
				ENABLE_STRICT_OBJC_MSGSEND = YES;
				GCC_C_LANGUAGE_STANDARD = gnu11;
				GCC_NO_COMMON_BLOCKS = YES;
				GCC_WARN_64_TO_32_BIT_CONVERSION = YES;
				GCC_WARN_ABOUT_RETURN_TYPE = YES_ERROR;
				GCC_WARN_UNDECLARED_SELECTOR = YES;
				GCC_WARN_UNINITIALIZED_AUTOS = YES_AGGRESSIVE;
				GCC_WARN_UNUSED_FUNCTION = YES;
				GCC_WARN_UNUSED_VARIABLE = YES;
				IPHONEOS_DEPLOYMENT_TARGET = 13.4;
				MTL_ENABLE_DEBUG_INFO = NO;
				MTL_FAST_MATH = YES;
				SDKROOT = iphoneos;
				VALIDATE_PRODUCT = YES;
			};
			name = Release;
		};
		8EF7EE14247683120065C1F2 /* Debug */ = {
			isa = XCBuildConfiguration;
			buildSettings = {
				ASSETCATALOG_COMPILER_APPICON_NAME = AppIcon;
				CODE_SIGN_STYLE = Automatic;
				DEVELOPMENT_TEAM = MD94SDTTY8;
				GCC_INCREASE_PRECOMPILED_HEADER_SHARING = NO;
				GCC_PRECOMPILE_PREFIX_HEADER = YES;
				GCC_PREFIX_HEADER = LeeDownloadDemo/SupportingFiles/Lee_PrefixHeader.pch;
				INFOPLIST_FILE = LeeDownloadDemo/Info.plist;
				IPHONEOS_DEPLOYMENT_TARGET = 11.0;
				LD_RUNPATH_SEARCH_PATHS = (
					"$(inherited)",
					"@executable_path/Frameworks",
				);
				PRODUCT_BUNDLE_IDENTIFIER = lee.LeeDownloadDemo;
				PRODUCT_NAME = "$(TARGET_NAME)";
				TARGETED_DEVICE_FAMILY = 1;
			};
			name = Debug;
		};
		8EF7EE15247683120065C1F2 /* Release */ = {
			isa = XCBuildConfiguration;
			buildSettings = {
				ASSETCATALOG_COMPILER_APPICON_NAME = AppIcon;
				CODE_SIGN_STYLE = Automatic;
				DEVELOPMENT_TEAM = MD94SDTTY8;
				GCC_INCREASE_PRECOMPILED_HEADER_SHARING = NO;
				GCC_PRECOMPILE_PREFIX_HEADER = YES;
				GCC_PREFIX_HEADER = LeeDownloadDemo/SupportingFiles/Lee_PrefixHeader.pch;
				INFOPLIST_FILE = LeeDownloadDemo/Info.plist;
				IPHONEOS_DEPLOYMENT_TARGET = 11.0;
				LD_RUNPATH_SEARCH_PATHS = (
					"$(inherited)",
					"@executable_path/Frameworks",
				);
				PRODUCT_BUNDLE_IDENTIFIER = lee.LeeDownloadDemo;
				PRODUCT_NAME = "$(TARGET_NAME)";
				TARGETED_DEVICE_FAMILY = 1;
			};
			name = Release;
		};
/* End XCBuildConfiguration section */

/* Begin XCConfigurationList section */
		8EF7EDF52476830D0065C1F2 /* Build configuration list for PBXProject "LeeDownloadDemo" */ = {
			isa = XCConfigurationList;
			buildConfigurations = (
				8EF7EE11247683120065C1F2 /* Debug */,
				8EF7EE12247683120065C1F2 /* Release */,
			);
			defaultConfigurationIsVisible = 0;
			defaultConfigurationName = Release;
		};
		8EF7EE13247683120065C1F2 /* Build configuration list for PBXNativeTarget "LeeDownloadDemo" */ = {
			isa = XCConfigurationList;
			buildConfigurations = (
				8EF7EE14247683120065C1F2 /* Debug */,
				8EF7EE15247683120065C1F2 /* Release */,
			);
			defaultConfigurationIsVisible = 0;
			defaultConfigurationName = Release;
		};
/* End XCConfigurationList section */
	};
	rootObject = 8EF7EDF22476830D0065C1F2 /* Project object */;
}
